<?xml version="1.0" encoding="utf-8"?>
<Project ToolsVersion="4.0" xmlns="http://schemas.microsoft.com/developer/msbuild/2003">
  <ItemGroup>
    <Filter Include="App">
      <UniqueIdentifier>{8947f5c7-4a0b-47db-8b79-660a65ce2ab5}</UniqueIdentifier>
    </Filter>
    <Filter Include="BSP">
      <UniqueIdentifier>{b3f451b2-920e-4481-8cd2-c5bcb8dddbf0}</UniqueIdentifier>
    </Filter>
    <Filter Include="uCOS-III">
      <UniqueIdentifier>{0f8897b8-53bf-4a31-ac48-a884762a6a3f}</UniqueIdentifier>
    </Filter>
    <Filter Include="uC/LIB">
      <UniqueIdentifier>{377469d5-7e11-4bd9-8f1b-0b0b4e0bdb40}</UniqueIdentifier>
    </Filter>
    <Filter Include="uC/CPU">
      <UniqueIdentifier>{6672832e-ae7b-4e10-a6b8-92960ce9dbbc}</UniqueIdentifier>
    </Filter>
    <Filter Include="BSP\CPU">
      <UniqueIdentifier>{0912bb73-3b93-4695-b3ad-5c969ead67df}</UniqueIdentifier>
    </Filter>
    <Filter Include="uC/CPU\Win32">
      <UniqueIdentifier>{5ee8e052-7a58-4cbd-a712-71055a991e77}</UniqueIdentifier>
    </Filter>
    <Filter Include="uC/CPU\Win32\Visual Studio">
      <UniqueIdentifier>{3b205193-a180-4352-a41a-63e0164c706d}</UniqueIdentifier>
    </Filter>
    <Filter Include="uCOS-III\Ports">
      <UniqueIdentifier>{5d4737a1-897a-4ebb-9b4e-0a5016adf580}</UniqueIdentifier>
    </Filter>
    <Filter Include="uCOS-III\Source">
      <UniqueIdentifier>{ecb02a08-c136-4082-b8c1-ea923c93168b}</UniqueIdentifier>
    </Filter>
    <Filter Include="uCOS-III\Ports\Win32">
      <UniqueIdentifier>{984e2c79-32b9-4954-9f0b-5636a5c81237}</UniqueIdentifier>
    </Filter>
    <Filter Include="uCOS-III\Ports\Win32\Visual Studio">
      <UniqueIdentifier>{5f6723f4-5098-4d99-8d78-f07d33d7bd7a}</UniqueIdentifier>
    </Filter>
  </ItemGroup>
  <ItemGroup>
    <ClCompile Include="..\app.c">
      <Filter>App</Filter>
    </ClCompile>
    <ClCompile Include="..\os_app_hooks.c">
      <Filter>App</Filter>
    </ClCompile>
    <ClCompile Include="..\..\BSP\bsp.c">
      <Filter>BSP</Filter>
    </ClCompile>
    <ClCompile Include="..\..\BSP\CPU\cpu_bsp.c">
      <Filter>BSP\CPU</Filter>
    </ClCompile>
    <ClCompile Include="..\..\..\..\..\uC-CPU\cpu_core.c">
      <Filter>uC/CPU</Filter>
    </ClCompile>
    <ClCompile Include="..\..\..\..\..\uC-CPU\Win32\Visual Studio\cpu_c.c">
      <Filter>uC/CPU\Win32\Visual Studio</Filter>
    </ClCompile>
    <ClCompile Include="..\..\..\..\..\uC-LIB\lib_ascii.c">
      <Filter>uC/LIB</Filter>
    </ClCompile>
    <ClCompile Include="..\..\..\..\..\uC-LIB\lib_math.c">
      <Filter>uC/LIB</Filter>
    </ClCompile>
    <ClCompile Include="..\..\..\..\..\uC-LIB\lib_mem.c">
      <Filter>uC/LIB</Filter>
    </ClCompile>
    <ClCompile Include="..\..\..\..\..\uC-LIB\lib_str.c">
      <Filter>uC/LIB</Filter>
    </ClCompile>
    <ClCompile Include="..\..\..\..\..\uCOS-III\Ports\Win32\Visual Studio\os_cpu_c.c">
      <Filter>uCOS-III\Ports\Win32\Visual Studio</Filter>
    </ClCompile>
    <ClCompile Include="..\..\..\..\..\uCOS-III\Source\os_core.c">
      <Filter>uCOS-III\Source</Filter>
    </ClCompile>
    <ClCompile Include="..\..\..\..\..\uCOS-III\Source\os_dbg.c">
      <Filter>uCOS-III\Source</Filter>
    </ClCompile>
    <ClCompile Include="..\..\..\..\..\uCOS-III\Source\os_flag.c">
      <Filter>uCOS-III\Source</Filter>
    </ClCompile>
    <ClCompile Include="..\..\..\..\..\uCOS-III\Source\os_int.c">
      <Filter>uCOS-III\Source</Filter>
    </ClCompile>
    <ClCompile Include="..\..\..\..\..\uCOS-III\Source\os_mem.c">
      <Filter>uCOS-III\Source</Filter>
    </ClCompile>
    <ClCompile Include="..\..\..\..\..\uCOS-III\Source\os_msg.c">
      <Filter>uCOS-III\Source</Filter>
    </ClCompile>
    <ClCompile Include="..\..\..\..\..\uCOS-III\Source\os_mutex.c">
      <Filter>uCOS-III\Source</Filter>
    </ClCompile>
    <ClCompile Include="..\..\..\..\..\uCOS-III\Source\os_pend_multi.c">
      <Filter>uCOS-III\Source</Filter>
    </ClCompile>
    <ClCompile Include="..\..\..\..\..\uCOS-III\Source\os_prio.c">
      <Filter>uCOS-III\Source</Filter>
    </ClCompile>
    <ClCompile Include="..\..\..\..\..\uCOS-III\Source\os_q.c">
      <Filter>uCOS-III\Source</Filter>
    </ClCompile>
    <ClCompile Include="..\..\..\..\..\uCOS-III\Source\os_sem.c">
      <Filter>uCOS-III\Source</Filter>
    </ClCompile>
    <ClCompile Include="..\..\..\..\..\uCOS-III\Source\os_stat.c">
      <Filter>uCOS-III\Source</Filter>
    </ClCompile>
    <ClCompile Include="..\..\..\..\..\uCOS-III\Source\os_task.c">
      <Filter>uCOS-III\Source</Filter>
    </ClCompile>
    <ClCompile Include="..\..\..\..\..\uCOS-III\Source\os_tick.c">
      <Filter>uCOS-III\Source</Filter>
    </ClCompile>
    <ClCompile Include="..\..\..\..\..\uCOS-III\Source\os_time.c">
      <Filter>uCOS-III\Source</Filter>
    </ClCompile>
    <ClCompile Include="..\..\..\..\..\uCOS-III\Source\os_tmr.c">
      <Filter>uCOS-III\Source</Filter>
    </ClCompile>
    <ClCompile Include="..\..\..\..\..\uCOS-III\Source\os_var.c">
      <Filter>uCOS-III\Source</Filter>
    </ClCompile>
    <ClCompile Include="..\..\..\..\..\uCOS-III\Source\os_cfg_app.c">
      <Filter>uCOS-III\Source</Filter>
    </ClCompile>
  </ItemGroup>
  <ItemGroup>
    <ClInclude Include="..\app_cfg.h">
      <Filter>App</Filter>
    </ClInclude>
    <ClInclude Include="..\cpu_cfg.h">
      <Filter>App</Filter>
    </ClInclude>
    <ClInclude Include="..\includes.h">
      <Filter>App</Filter>
    </ClInclude>
    <ClInclude Include="..\lib_cfg.h">
      <Filter>App</Filter>
    </ClInclude>
    <ClInclude Include="..\os_app_hooks.h">
      <Filter>App</Filter>
    </ClInclude>
    <ClInclude Include="..\os_cfg.h">
      <Filter>App</Filter>
    </ClInclude>
    <ClInclude Include="..\os_cfg_app.h">
      <Filter>App</Filter>
    </ClInclude>
    <ClInclude Include="..\..\BSP\bsp.h">
      <Filter>BSP</Filter>
    </ClInclude>
    <ClInclude Include="..\..\..\..\..\uC-CPU\cpu_cache.h">
      <Filter>uC/CPU</Filter>
    </ClInclude>
    <ClInclude Include="..\..\..\..\..\uC-CPU\cpu_core.h">
      <Filter>uC/CPU</Filter>
    </ClInclude>
    <ClInclude Include="..\..\..\..\..\uC-CPU\cpu_def.h">
      <Filter>uC/CPU</Filter>
    </ClInclude>
    <ClInclude Include="..\..\..\..\..\uC-CPU\Win32\Visual Studio\cpu.h">
      <Filter>uC/CPU\Win32\Visual Studio</Filter>
    </ClInclude>
    <ClInclude Include="..\..\..\..\..\uC-LIB\lib_ascii.h">
      <Filter>uC/LIB</Filter>
    </ClInclude>
    <ClInclude Include="..\..\..\..\..\uC-LIB\lib_def.h">
      <Filter>uC/LIB</Filter>
    </ClInclude>
    <ClInclude Include="..\..\..\..\..\uC-LIB\lib_math.h">
      <Filter>uC/LIB</Filter>
    </ClInclude>
    <ClInclude Include="..\..\..\..\..\uC-LIB\lib_mem.h">
      <Filter>uC/LIB</Filter>
    </ClInclude>
    <ClInclude Include="..\..\..\..\..\uC-LIB\lib_str.h">
      <Filter>uC/LIB</Filter>
    </ClInclude>
    <ClInclude Include="..\..\..\..\..\uCOS-III\Ports\Win32\Visual Studio\os_cpu.h">
      <Filter>uCOS-III\Ports\Win32\Visual Studio</Filter>
    </ClInclude>
    <ClInclude Include="..\..\..\..\..\uCOS-III\Source\os_type.h">
      <Filter>uCOS-III\Source</Filter>
    </ClInclude>
    <ClInclude Include="..\..\..\..\..\uCOS-III\Source\os.h">
      <Filter>uCOS-III\Source</Filter>
    </ClInclude>
  </ItemGroup>
</Project>